// !$*UTF8*$!
{
	archiveVersion = 1;
	classes = {
	};
	objectVersion = 46;
	objects = {

/* Begin PBXBuildFile section */
		B512F34D15E8B38600EDD5AF /* UIKit.framework in Frameworks */ = {isa = PBXBuildFile; fileRef = B512F34C15E8B38600EDD5AF /* UIKit.framework */; };
		B512F34F15E8B38600EDD5AF /* Foundation.framework in Frameworks */ = {isa = PBXBuildFile; fileRef = B512F34E15E8B38600EDD5AF /* Foundation.framework */; };
		B512F35115E8B38600EDD5AF /* CoreGraphics.framework in Frameworks */ = {isa = PBXBuildFile; fileRef = B512F35015E8B38600EDD5AF /* CoreGraphics.framework */; };
		B512F35715E8B38600EDD5AF /* InfoPlist.strings in Resources */ = {isa = PBXBuildFile; fileRef = B512F35515E8B38600EDD5AF /* InfoPlist.strings */; };
		B512F35915E8B38600EDD5AF /* main.m in Sources */ = {isa = PBXBuildFile; fileRef = B512F35815E8B38600EDD5AF /* main.m */; };
		B512F35D15E8B38600EDD5AF /* AppDelegate.m in Sources */ = {isa = PBXBuildFile; fileRef = B512F35C15E8B38600EDD5AF /* AppDelegate.m */; };
		B512F36615E8B39500EDD5AF /* HomeViewController.m in Sources */ = {isa = PBXBuildFile; fileRef = B512F36415E8B39500EDD5AF /* HomeViewController.m */; };
		B512F36715E8B39500EDD5AF /* HomeViewController.xib in Resources */ = {isa = PBXBuildFile; fileRef = B512F36515E8B39500EDD5AF /* HomeViewController.xib */; };
		B512F37815E8C38300EDD5AF /* Default.png in Resources */ = {isa = PBXBuildFile; fileRef = B512F37715E8C38300EDD5AF /* Default.png */; };
		B512F37A15E8C3D100EDD5AF /* icon.png in Resources */ = {isa = PBXBuildFile; fileRef = B512F37915E8C3D100EDD5AF /* icon.png */; };
		B512F37E15E8C44500EDD5AF /* MonthExpenseViewController.m in Sources */ = {isa = PBXBuildFile; fileRef = B512F37C15E8C44500EDD5AF /* MonthExpenseViewController.m */; };
		B512F37F15E8C44500EDD5AF /* MonthExpenseViewController.xib in Resources */ = {isa = PBXBuildFile; fileRef = B512F37D15E8C44500EDD5AF /* MonthExpenseViewController.xib */; };
		B512F38315E8C4FE00EDD5AF /* NewExpenseViewController.m in Sources */ = {isa = PBXBuildFile; fileRef = B512F38115E8C4FE00EDD5AF /* NewExpenseViewController.m */; };
		B512F38415E8C4FE00EDD5AF /* NewExpenseViewController.xib in Resources */ = {isa = PBXBuildFile; fileRef = B512F38215E8C4FE00EDD5AF /* NewExpenseViewController.xib */; };
		B5199DDD15F8770000CE6304 /* expenses_list.png in Resources */ = {isa = PBXBuildFile; fileRef = B5199DDC15F8770000CE6304 /* expenses_list.png */; };
		B519A47215E93EC4005CD2D3 /* QuartzCore.framework in Frameworks */ = {isa = PBXBuildFile; fileRef = B519A47115E93EC4005CD2D3 /* QuartzCore.framework */; };
		B561766F15F86AFD00B52DC2 /* libKal.a in Frameworks */ = {isa = PBXBuildFile; fileRef = B561766C15F86AD400B52DC2 /* libKal.a */; };
		B567118F15F4553D005DAF03 /* FeedbackViewController.m in Sources */ = {isa = PBXBuildFile; fileRef = B567118D15F4553D005DAF03 /* FeedbackViewController.m */; };
		B567119015F4553D005DAF03 /* FeedbackViewController.xib in Resources */ = {isa = PBXBuildFile; fileRef = B567118E15F4553D005DAF03 /* FeedbackViewController.xib */; };
		B567119615F46EB2005DAF03 /* SpinnerView.m in Sources */ = {isa = PBXBuildFile; fileRef = B567119515F46EB1005DAF03 /* SpinnerView.m */; };
		B567119815F47B80005DAF03 /* spinner_background.png in Resources */ = {isa = PBXBuildFile; fileRef = B567119715F47B80005DAF03 /* spinner_background.png */; };
		B56711A315F50965005DAF03 /* refresh_icon.png in Resources */ = {isa = PBXBuildFile; fileRef = B56711A215F50965005DAF03 /* refresh_icon.png */; };
		B581028315FB0E0A008ADFE5 /* CategoriesViewController.m in Sources */ = {isa = PBXBuildFile; fileRef = B581028115FB0E0A008ADFE5 /* CategoriesViewController.m */; };
		B581028415FB0E0A008ADFE5 /* CategoriesViewController.xib in Resources */ = {isa = PBXBuildFile; fileRef = B581028215FB0E0A008ADFE5 /* CategoriesViewController.xib */; };
		B581028615FB15BF008ADFE5 /* wood_bg.png in Resources */ = {isa = PBXBuildFile; fileRef = B581028515FB15BF008ADFE5 /* wood_bg.png */; };
		B581028A15FB234D008ADFE5 /* ExpenseDescriptionViewController.m in Sources */ = {isa = PBXBuildFile; fileRef = B581028815FB234D008ADFE5 /* ExpenseDescriptionViewController.m */; };
		B581028B15FB234D008ADFE5 /* ExpenseDescriptionViewController.xib in Resources */ = {isa = PBXBuildFile; fileRef = B581028915FB234D008ADFE5 /* ExpenseDescriptionViewController.xib */; };
		B581028D15FB2D63008ADFE5 /* done_icon.png in Resources */ = {isa = PBXBuildFile; fileRef = B581028C15FB2D63008ADFE5 /* done_icon.png */; };
		B597FE9A15EF27FE00EC0AC9 /* add_button.png in Resources */ = {isa = PBXBuildFile; fileRef = B597FE9115EF27FE00EC0AC9 /* add_button.png */; };
		B597FE9B15EF27FE00EC0AC9 /* border_seperator.png in Resources */ = {isa = PBXBuildFile; fileRef = B597FE9215EF27FE00EC0AC9 /* border_seperator.png */; };
		B597FE9C15EF27FE00EC0AC9 /* calendar.png in Resources */ = {isa = PBXBuildFile; fileRef = B597FE9315EF27FE00EC0AC9 /* calendar.png */; };
		B597FE9D15EF27FE00EC0AC9 /* envelope_form.png in Resources */ = {isa = PBXBuildFile; fileRef = B597FE9415EF27FE00EC0AC9 /* envelope_form.png */; };
		B597FE9E15EF27FE00EC0AC9 /* list.png in Resources */ = {isa = PBXBuildFile; fileRef = B597FE9515EF27FE00EC0AC9 /* list.png */; };
		B597FE9F15EF27FE00EC0AC9 /* plus.png in Resources */ = {isa = PBXBuildFile; fileRef = B597FE9615EF27FE00EC0AC9 /* plus.png */; };
		B597FEA015EF27FE00EC0AC9 /* settings.png in Resources */ = {isa = PBXBuildFile; fileRef = B597FE9715EF27FE00EC0AC9 /* settings.png */; };
		B597FEA115EF27FE00EC0AC9 /* spechbubble.png in Resources */ = {isa = PBXBuildFile; fileRef = B597FE9815EF27FE00EC0AC9 /* spechbubble.png */; };
		B597FEA215EF27FE00EC0AC9 /* yellow_btn.png in Resources */ = {isa = PBXBuildFile; fileRef = B597FE9915EF27FE00EC0AC9 /* yellow_btn.png */; };
		B597FEA515EF485800EC0AC9 /* envelope_border.png in Resources */ = {isa = PBXBuildFile; fileRef = B597FEA415EF485800EC0AC9 /* envelope_border.png */; };
		B597FEA915F08CF200EC0AC9 /* white_plus_sign.png in Resources */ = {isa = PBXBuildFile; fileRef = B597FEA815F08CF200EC0AC9 /* white_plus_sign.png */; };
		B597FEAD15F1E29000EC0AC9 /* ExpenseDetailsViewController.m in Sources */ = {isa = PBXBuildFile; fileRef = B597FEAB15F1E29000EC0AC9 /* ExpenseDetailsViewController.m */; };
		B597FEAE15F1E29000EC0AC9 /* ExpenseDetailsViewController.xib in Resources */ = {isa = PBXBuildFile; fileRef = B597FEAC15F1E29000EC0AC9 /* ExpenseDetailsViewController.xib */; };
		B597FEB715F1F29000EC0AC9 /* ExpenseDetailCell.m in Sources */ = {isa = PBXBuildFile; fileRef = B597FEB615F1F29000EC0AC9 /* ExpenseDetailCell.m */; };
		B597FEB915F1F2B300EC0AC9 /* ExpenseDetailCell.xib in Resources */ = {isa = PBXBuildFile; fileRef = B597FEB815F1F2B300EC0AC9 /* ExpenseDetailCell.xib */; };
		B597FEC115F2CFAA00EC0AC9 /* ExpenseCategory.m in Sources */ = {isa = PBXBuildFile; fileRef = B597FEC015F2CFAA00EC0AC9 /* ExpenseCategory.m */; };
		B5A5757D15E9B72300EE9A62 /* libsqlite3.0.dylib in Frameworks */ = {isa = PBXBuildFile; fileRef = B5A5757C15E9B72300EE9A62 /* libsqlite3.0.dylib */; };
		B5A5758015E9B72B00EE9A62 /* libsqlite3.dylib in Frameworks */ = {isa = PBXBuildFile; fileRef = B5A5757F15E9B72B00EE9A62 /* libsqlite3.dylib */; };
		B5A5758315E9BAEC00EE9A62 /* Expense.m in Sources */ = {isa = PBXBuildFile; fileRef = B5A5758215E9BAEC00EE9A62 /* Expense.m */; };
		B5DF7FFE15E9E5B300139932 /* ExpensesViewController.m in Sources */ = {isa = PBXBuildFile; fileRef = B5DF7FFC15E9E5B300139932 /* ExpensesViewController.m */; };
		B5DF7FFF15E9E5B300139932 /* ExpensesViewController.xib in Resources */ = {isa = PBXBuildFile; fileRef = B5DF7FFD15E9E5B300139932 /* ExpensesViewController.xib */; };
		B5E661AF15EDF56500032BB7 /* icon@2x_et.png in Resources */ = {isa = PBXBuildFile; fileRef = B5E661AE15EDF56500032BB7 /* icon@2x_et.png */; };
		B5E661B215EDFA1B00032BB7 /* Default@2x.png in Resources */ = {isa = PBXBuildFile; fileRef = B5E661B115EDFA1B00032BB7 /* Default@2x.png */; };
		B5EA763215F5384B00D32A93 /* AFHTTPClient.m in Sources */ = {isa = PBXBuildFile; fileRef = B5EA761E15F5384B00D32A93 /* AFHTTPClient.m */; settings = {COMPILER_FLAGS = "-fno-objc-arc"; }; };
		B5EA763315F5384B00D32A93 /* AFHTTPRequestOperation.m in Sources */ = {isa = PBXBuildFile; fileRef = B5EA762015F5384B00D32A93 /* AFHTTPRequestOperation.m */; settings = {COMPILER_FLAGS = "-fno-objc-arc"; }; };
		B5EA763415F5384B00D32A93 /* AFImageRequestOperation.m in Sources */ = {isa = PBXBuildFile; fileRef = B5EA762215F5384B00D32A93 /* AFImageRequestOperation.m */; settings = {COMPILER_FLAGS = "-fno-objc-arc"; }; };
		B5EA763515F5384B00D32A93 /* AFJSONRequestOperation.m in Sources */ = {isa = PBXBuildFile; fileRef = B5EA762415F5384B00D32A93 /* AFJSONRequestOperation.m */; settings = {COMPILER_FLAGS = "-fno-objc-arc"; }; };
		B5EA763615F5384B00D32A93 /* AFJSONUtilities.m in Sources */ = {isa = PBXBuildFile; fileRef = B5EA762615F5384B00D32A93 /* AFJSONUtilities.m */; settings = {COMPILER_FLAGS = "-fno-objc-arc"; }; };
		B5EA763715F5384B00D32A93 /* AFNetworkActivityIndicatorManager.m in Sources */ = {isa = PBXBuildFile; fileRef = B5EA762815F5384B00D32A93 /* AFNetworkActivityIndicatorManager.m */; settings = {COMPILER_FLAGS = "-fno-objc-arc"; }; };
		B5EA763815F5384B00D32A93 /* AFPropertyListRequestOperation.m in Sources */ = {isa = PBXBuildFile; fileRef = B5EA762B15F5384B00D32A93 /* AFPropertyListRequestOperation.m */; settings = {COMPILER_FLAGS = "-fno-objc-arc"; }; };
		B5EA763915F5384B00D32A93 /* AFURLConnectionOperation.m in Sources */ = {isa = PBXBuildFile; fileRef = B5EA762D15F5384B00D32A93 /* AFURLConnectionOperation.m */; settings = {COMPILER_FLAGS = "-fno-objc-arc"; }; };
		B5EA763A15F5384B00D32A93 /* AFXMLRequestOperation.m in Sources */ = {isa = PBXBuildFile; fileRef = B5EA762F15F5384B00D32A93 /* AFXMLRequestOperation.m */; settings = {COMPILER_FLAGS = "-fno-objc-arc"; }; };
		B5EA763B15F5384B00D32A93 /* UIImageView+AFNetworking.m in Sources */ = {isa = PBXBuildFile; fileRef = B5EA763115F5384B00D32A93 /* UIImageView+AFNetworking.m */; settings = {COMPILER_FLAGS = "-fno-objc-arc"; }; };
		B5EA764B15F5AB4500D32A93 /* trash_icon.png in Resources */ = {isa = PBXBuildFile; fileRef = B5EA764A15F5AB4500D32A93 /* trash_icon.png */; };
		B5EA765115F5ADC600D32A93 /* header.png in Resources */ = {isa = PBXBuildFile; fileRef = B5EA765015F5ADC600D32A93 /* header.png */; };
		B5EA765315F5AFEA00D32A93 /* dollar_sign.png in Resources */ = {isa = PBXBuildFile; fileRef = B5EA765215F5AFEA00D32A93 /* dollar_sign.png */; };
		B5EA765715F5B08500D32A93 /* MonthsViewController.m in Sources */ = {isa = PBXBuildFile; fileRef = B5EA765515F5B08500D32A93 /* MonthsViewController.m */; };
		B5EA765A15F5B3A400D32A93 /* add_button_long.png in Resources */ = {isa = PBXBuildFile; fileRef = B5EA765915F5B3A400D32A93 /* add_button_long.png */; };
		B5EA765E15F5C46100D32A93 /* AboutViewController.m in Sources */ = {isa = PBXBuildFile; fileRef = B5EA765C15F5C46000D32A93 /* AboutViewController.m */; };
		B5EA765F15F5C46100D32A93 /* AboutViewController.xib in Resources */ = {isa = PBXBuildFile; fileRef = B5EA765D15F5C46100D32A93 /* AboutViewController.xib */; };
		B5EA766115F5C63600D32A93 /* trivuong.png in Resources */ = {isa = PBXBuildFile; fileRef = B5EA766015F5C63600D32A93 /* trivuong.png */; };
		B5EA766C15F5D49900D32A93 /* bio_bg.png in Resources */ = {isa = PBXBuildFile; fileRef = B5EA766B15F5D49900D32A93 /* bio_bg.png */; };
		B5F09CE415EB3F4500257FC5 /* ExpenseTracking.sqlite in Resources */ = {isa = PBXBuildFile; fileRef = B5F09CE315EB3F4500257FC5 /* ExpenseTracking.sqlite */; };
		B5F09CEA15EC8BD400257FC5 /* CustomCell.m in Sources */ = {isa = PBXBuildFile; fileRef = B5F09CE915EC8BD400257FC5 /* CustomCell.m */; };
		B5F09CEC15EC8C9000257FC5 /* CustomCell.xib in Resources */ = {isa = PBXBuildFile; fileRef = B5F09CEB15EC8C9000257FC5 /* CustomCell.xib */; };
		B5F09CF115EDDE2B00257FC5 /* ExpenseCell.m in Sources */ = {isa = PBXBuildFile; fileRef = B5F09CF015EDDE2B00257FC5 /* ExpenseCell.m */; };
		B5F09CF315EDDE3C00257FC5 /* ExpenseCell.xib in Resources */ = {isa = PBXBuildFile; fileRef = B5F09CF215EDDE3C00257FC5 /* ExpenseCell.xib */; };
/* End PBXBuildFile section */

/* Begin PBXContainerItemProxy section */
		B561766B15F86AD400B52DC2 /* PBXContainerItemProxy */ = {
			isa = PBXContainerItemProxy;
			containerPortal = B561766415F86AD400B52DC2 /* Kal.xcodeproj */;
			proxyType = 2;
			remoteGlobalIDString = D2AAC07E0554694100DB518D;
			remoteInfo = Kal;
		};
		B561766D15F86AF800B52DC2 /* PBXContainerItemProxy */ = {
			isa = PBXContainerItemProxy;
			containerPortal = B561766415F86AD400B52DC2 /* Kal.xcodeproj */;
			proxyType = 1;
			remoteGlobalIDString = D2AAC07D0554694100DB518D;
			remoteInfo = Kal;
		};
/* End PBXContainerItemProxy section */

/* Begin PBXFileReference section */
		B512F34815E8B38600EDD5AF /* Expense Tracking.app */ = {isa = PBXFileReference; explicitFileType = wrapper.application; includeInIndex = 0; path = "Expense Tracking.app"; sourceTree = BUILT_PRODUCTS_DIR; };
		B512F34C15E8B38600EDD5AF /* UIKit.framework */ = {isa = PBXFileReference; lastKnownFileType = wrapper.framework; name = UIKit.framework; path = System/Library/Frameworks/UIKit.framework; sourceTree = SDKROOT; };
		B512F34E15E8B38600EDD5AF /* Foundation.framework */ = {isa = PBXFileReference; lastKnownFileType = wrapper.framework; name = Foundation.framework; path = System/Library/Frameworks/Foundation.framework; sourceTree = SDKROOT; };
		B512F35015E8B38600EDD5AF /* CoreGraphics.framework */ = {isa = PBXFileReference; lastKnownFileType = wrapper.framework; name = CoreGraphics.framework; path = System/Library/Frameworks/CoreGraphics.framework; sourceTree = SDKROOT; };
		B512F35415E8B38600EDD5AF /* Expense Tracking-Info.plist */ = {isa = PBXFileReference; lastKnownFileType = text.plist.xml; path = "Expense Tracking-Info.plist"; sourceTree = "<group>"; };
		B512F35615E8B38600EDD5AF /* en */ = {isa = PBXFileReference; lastKnownFileType = text.plist.strings; name = en; path = en.lproj/InfoPlist.strings; sourceTree = "<group>"; };
		B512F35815E8B38600EDD5AF /* main.m */ = {isa = PBXFileReference; lastKnownFileType = sourcecode.c.objc; path = main.m; sourceTree = "<group>"; };
		B512F35A15E8B38600EDD5AF /* Expense Tracking-Prefix.pch */ = {isa = PBXFileReference; lastKnownFileType = sourcecode.c.h; path = "Expense Tracking-Prefix.pch"; sourceTree = "<group>"; };
		B512F35B15E8B38600EDD5AF /* AppDelegate.h */ = {isa = PBXFileReference; lastKnownFileType = sourcecode.c.h; path = AppDelegate.h; sourceTree = "<group>"; };
		B512F35C15E8B38600EDD5AF /* AppDelegate.m */ = {isa = PBXFileReference; lastKnownFileType = sourcecode.c.objc; path = AppDelegate.m; sourceTree = "<group>"; };
		B512F36315E8B39500EDD5AF /* HomeViewController.h */ = {isa = PBXFileReference; fileEncoding = 4; lastKnownFileType = sourcecode.c.h; path = HomeViewController.h; sourceTree = "<group>"; };
		B512F36415E8B39500EDD5AF /* HomeViewController.m */ = {isa = PBXFileReference; fileEncoding = 4; lastKnownFileType = sourcecode.c.objc; path = HomeViewController.m; sourceTree = "<group>"; };
		B512F36515E8B39500EDD5AF /* HomeViewController.xib */ = {isa = PBXFileReference; fileEncoding = 4; lastKnownFileType = file.xib; path = HomeViewController.xib; sourceTree = "<group>"; };
		B512F37715E8C38300EDD5AF /* Default.png */ = {isa = PBXFileReference; lastKnownFileType = image.png; path = Default.png; sourceTree = "<group>"; };
		B512F37915E8C3D100EDD5AF /* icon.png */ = {isa = PBXFileReference; lastKnownFileType = image.png; path = icon.png; sourceTree = "<group>"; };
		B512F37B15E8C44500EDD5AF /* MonthExpenseViewController.h */ = {isa = PBXFileReference; fileEncoding = 4; lastKnownFileType = sourcecode.c.h; path = MonthExpenseViewController.h; sourceTree = "<group>"; };
		B512F37C15E8C44500EDD5AF /* MonthExpenseViewController.m */ = {isa = PBXFileReference; fileEncoding = 4; lastKnownFileType = sourcecode.c.objc; path = MonthExpenseViewController.m; sourceTree = "<group>"; };
		B512F37D15E8C44500EDD5AF /* MonthExpenseViewController.xib */ = {isa = PBXFileReference; fileEncoding = 4; lastKnownFileType = file.xib; path = MonthExpenseViewController.xib; sourceTree = "<group>"; };
		B512F38015E8C4FE00EDD5AF /* NewExpenseViewController.h */ = {isa = PBXFileReference; fileEncoding = 4; lastKnownFileType = sourcecode.c.h; path = NewExpenseViewController.h; sourceTree = "<group>"; };
		B512F38115E8C4FE00EDD5AF /* NewExpenseViewController.m */ = {isa = PBXFileReference; fileEncoding = 4; lastKnownFileType = sourcecode.c.objc; path = NewExpenseViewController.m; sourceTree = "<group>"; };
		B512F38215E8C4FE00EDD5AF /* NewExpenseViewController.xib */ = {isa = PBXFileReference; fileEncoding = 4; lastKnownFileType = file.xib; path = NewExpenseViewController.xib; sourceTree = "<group>"; };
		B5199DDC15F8770000CE6304 /* expenses_list.png */ = {isa = PBXFileReference; lastKnownFileType = image.png; name = expenses_list.png; path = ../../../Desktop/iphone_dev/expenses_list.png; sourceTree = "<group>"; };
		B519A47115E93EC4005CD2D3 /* QuartzCore.framework */ = {isa = PBXFileReference; lastKnownFileType = wrapper.framework; name = QuartzCore.framework; path = System/Library/Frameworks/QuartzCore.framework; sourceTree = SDKROOT; };
		B561766415F86AD400B52DC2 /* Kal.xcodeproj */ = {isa = PBXFileReference; lastKnownFileType = "wrapper.pb-project"; name = Kal.xcodeproj; path = ../Kal/src/Kal.xcodeproj; sourceTree = "<group>"; };
		B567118C15F4553C005DAF03 /* FeedbackViewController.h */ = {isa = PBXFileReference; fileEncoding = 4; lastKnownFileType = sourcecode.c.h; path = FeedbackViewController.h; sourceTree = "<group>"; };
		B567118D15F4553D005DAF03 /* FeedbackViewController.m */ = {isa = PBXFileReference; fileEncoding = 4; lastKnownFileType = sourcecode.c.objc; path = FeedbackViewController.m; sourceTree = "<group>"; };
		B567118E15F4553D005DAF03 /* FeedbackViewController.xib */ = {isa = PBXFileReference; fileEncoding = 4; lastKnownFileType = file.xib; path = FeedbackViewController.xib; sourceTree = "<group>"; };
		B567119415F46EB1005DAF03 /* SpinnerView.h */ = {isa = PBXFileReference; fileEncoding = 4; lastKnownFileType = sourcecode.c.h; path = SpinnerView.h; sourceTree = "<group>"; };
		B567119515F46EB1005DAF03 /* SpinnerView.m */ = {isa = PBXFileReference; fileEncoding = 4; lastKnownFileType = sourcecode.c.objc; path = SpinnerView.m; sourceTree = "<group>"; };
		B567119715F47B80005DAF03 /* spinner_background.png */ = {isa = PBXFileReference; lastKnownFileType = image.png; path = spinner_background.png; sourceTree = "<group>"; };
		B56711A215F50965005DAF03 /* refresh_icon.png */ = {isa = PBXFileReference; lastKnownFileType = image.png; path = refresh_icon.png; sourceTree = "<group>"; };
		B581028015FB0E0A008ADFE5 /* CategoriesViewController.h */ = {isa = PBXFileReference; fileEncoding = 4; lastKnownFileType = sourcecode.c.h; path = CategoriesViewController.h; sourceTree = "<group>"; };
		B581028115FB0E0A008ADFE5 /* CategoriesViewController.m */ = {isa = PBXFileReference; fileEncoding = 4; lastKnownFileType = sourcecode.c.objc; path = CategoriesViewController.m; sourceTree = "<group>"; };
		B581028215FB0E0A008ADFE5 /* CategoriesViewController.xib */ = {isa = PBXFileReference; fileEncoding = 4; lastKnownFileType = file.xib; path = CategoriesViewController.xib; sourceTree = "<group>"; };
		B581028515FB15BF008ADFE5 /* wood_bg.png */ = {isa = PBXFileReference; lastKnownFileType = image.png; path = wood_bg.png; sourceTree = "<group>"; };
		B581028715FB234D008ADFE5 /* ExpenseDescriptionViewController.h */ = {isa = PBXFileReference; fileEncoding = 4; lastKnownFileType = sourcecode.c.h; path = ExpenseDescriptionViewController.h; sourceTree = "<group>"; };
		B581028815FB234D008ADFE5 /* ExpenseDescriptionViewController.m */ = {isa = PBXFileReference; fileEncoding = 4; lastKnownFileType = sourcecode.c.objc; path = ExpenseDescriptionViewController.m; sourceTree = "<group>"; };
		B581028915FB234D008ADFE5 /* ExpenseDescriptionViewController.xib */ = {isa = PBXFileReference; fileEncoding = 4; lastKnownFileType = file.xib; path = ExpenseDescriptionViewController.xib; sourceTree = "<group>"; };
		B581028C15FB2D63008ADFE5 /* done_icon.png */ = {isa = PBXFileReference; lastKnownFileType = image.png; path = done_icon.png; sourceTree = "<group>"; };
		B597FE9115EF27FE00EC0AC9 /* add_button.png */ = {isa = PBXFileReference; lastKnownFileType = image.png; path = add_button.png; sourceTree = "<group>"; };
		B597FE9215EF27FE00EC0AC9 /* border_seperator.png */ = {isa = PBXFileReference; lastKnownFileType = image.png; path = border_seperator.png; sourceTree = "<group>"; };
		B597FE9315EF27FE00EC0AC9 /* calendar.png */ = {isa = PBXFileReference; lastKnownFileType = image.png; path = calendar.png; sourceTree = "<group>"; };
		B597FE9415EF27FE00EC0AC9 /* envelope_form.png */ = {isa = PBXFileReference; lastKnownFileType = image.png; path = envelope_form.png; sourceTree = "<group>"; };
		B597FE9515EF27FE00EC0AC9 /* list.png */ = {isa = PBXFileReference; lastKnownFileType = image.png; path = list.png; sourceTree = "<group>"; };
		B597FE9615EF27FE00EC0AC9 /* plus.png */ = {isa = PBXFileReference; lastKnownFileType = image.png; path = plus.png; sourceTree = "<group>"; };
		B597FE9715EF27FE00EC0AC9 /* settings.png */ = {isa = PBXFileReference; lastKnownFileType = image.png; path = settings.png; sourceTree = "<group>"; };
		B597FE9815EF27FE00EC0AC9 /* spechbubble.png */ = {isa = PBXFileReference; lastKnownFileType = image.png; path = spechbubble.png; sourceTree = "<group>"; };
		B597FE9915EF27FE00EC0AC9 /* yellow_btn.png */ = {isa = PBXFileReference; lastKnownFileType = image.png; path = yellow_btn.png; sourceTree = "<group>"; };
		B597FEA415EF485800EC0AC9 /* envelope_border.png */ = {isa = PBXFileReference; lastKnownFileType = image.png; path = envelope_border.png; sourceTree = "<group>"; };
		B597FEA815F08CF200EC0AC9 /* white_plus_sign.png */ = {isa = PBXFileReference; lastKnownFileType = image.png; path = white_plus_sign.png; sourceTree = "<group>"; };
		B597FEAA15F1E29000EC0AC9 /* ExpenseDetailsViewController.h */ = {isa = PBXFileReference; fileEncoding = 4; lastKnownFileType = sourcecode.c.h; path = ExpenseDetailsViewController.h; sourceTree = "<group>"; };
		B597FEAB15F1E29000EC0AC9 /* ExpenseDetailsViewController.m */ = {isa = PBXFileReference; fileEncoding = 4; lastKnownFileType = sourcecode.c.objc; path = ExpenseDetailsViewController.m; sourceTree = "<group>"; };
		B597FEAC15F1E29000EC0AC9 /* ExpenseDetailsViewController.xib */ = {isa = PBXFileReference; fileEncoding = 4; lastKnownFileType = file.xib; path = ExpenseDetailsViewController.xib; sourceTree = "<group>"; };
		B597FEB515F1F29000EC0AC9 /* ExpenseDetailCell.h */ = {isa = PBXFileReference; fileEncoding = 4; lastKnownFileType = sourcecode.c.h; path = ExpenseDetailCell.h; sourceTree = "<group>"; };
		B597FEB615F1F29000EC0AC9 /* ExpenseDetailCell.m */ = {isa = PBXFileReference; fileEncoding = 4; lastKnownFileType = sourcecode.c.objc; path = ExpenseDetailCell.m; sourceTree = "<group>"; };
		B597FEB815F1F2B300EC0AC9 /* ExpenseDetailCell.xib */ = {isa = PBXFileReference; fileEncoding = 4; lastKnownFileType = file.xib; path = ExpenseDetailCell.xib; sourceTree = "<group>"; };
		B597FEBF15F2CFAA00EC0AC9 /* ExpenseCategory.h */ = {isa = PBXFileReference; fileEncoding = 4; lastKnownFileType = sourcecode.c.h; path = ExpenseCategory.h; sourceTree = "<group>"; };
		B597FEC015F2CFAA00EC0AC9 /* ExpenseCategory.m */ = {isa = PBXFileReference; fileEncoding = 4; lastKnownFileType = sourcecode.c.objc; path = ExpenseCategory.m; sourceTree = "<group>"; };
		B5A5757C15E9B72300EE9A62 /* libsqlite3.0.dylib */ = {isa = PBXFileReference; lastKnownFileType = "compiled.mach-o.dylib"; name = libsqlite3.0.dylib; path = usr/lib/libsqlite3.0.dylib; sourceTree = SDKROOT; };
		B5A5757F15E9B72B00EE9A62 /* libsqlite3.dylib */ = {isa = PBXFileReference; lastKnownFileType = "compiled.mach-o.dylib"; name = libsqlite3.dylib; path = usr/lib/libsqlite3.dylib; sourceTree = SDKROOT; };
		B5A5758115E9BAEC00EE9A62 /* Expense.h */ = {isa = PBXFileReference; fileEncoding = 4; lastKnownFileType = sourcecode.c.h; path = Expense.h; sourceTree = "<group>"; };
		B5A5758215E9BAEC00EE9A62 /* Expense.m */ = {isa = PBXFileReference; fileEncoding = 4; lastKnownFileType = sourcecode.c.objc; path = Expense.m; sourceTree = "<group>"; };
		B5DF7FFB15E9E5B300139932 /* ExpensesViewController.h */ = {isa = PBXFileReference; fileEncoding = 4; lastKnownFileType = sourcecode.c.h; path = ExpensesViewController.h; sourceTree = "<group>"; };
		B5DF7FFC15E9E5B300139932 /* ExpensesViewController.m */ = {isa = PBXFileReference; fileEncoding = 4; lastKnownFileType = sourcecode.c.objc; path = ExpensesViewController.m; sourceTree = "<group>"; };
		B5DF7FFD15E9E5B300139932 /* ExpensesViewController.xib */ = {isa = PBXFileReference; fileEncoding = 4; lastKnownFileType = file.xib; path = ExpensesViewController.xib; sourceTree = "<group>"; };
		B5E661AE15EDF56500032BB7 /* icon@2x_et.png */ = {isa = PBXFileReference; lastKnownFileType = image.png; path = "icon@2x_et.png"; sourceTree = "<group>"; };
		B5E661B115EDFA1B00032BB7 /* Default@2x.png */ = {isa = PBXFileReference; lastKnownFileType = image.png; path = "Default@2x.png"; sourceTree = "<group>"; };
		B5EA761D15F5384B00D32A93 /* AFHTTPClient.h */ = {isa = PBXFileReference; fileEncoding = 4; lastKnownFileType = sourcecode.c.h; path = AFHTTPClient.h; sourceTree = "<group>"; };
		B5EA761E15F5384B00D32A93 /* AFHTTPClient.m */ = {isa = PBXFileReference; fileEncoding = 4; lastKnownFileType = sourcecode.c.objc; path = AFHTTPClient.m; sourceTree = "<group>"; };
		B5EA761F15F5384B00D32A93 /* AFHTTPRequestOperation.h */ = {isa = PBXFileReference; fileEncoding = 4; lastKnownFileType = sourcecode.c.h; path = AFHTTPRequestOperation.h; sourceTree = "<group>"; };
		B5EA762015F5384B00D32A93 /* AFHTTPRequestOperation.m */ = {isa = PBXFileReference; fileEncoding = 4; lastKnownFileType = sourcecode.c.objc; path = AFHTTPRequestOperation.m; sourceTree = "<group>"; };
		B5EA762115F5384B00D32A93 /* AFImageRequestOperation.h */ = {isa = PBXFileReference; fileEncoding = 4; lastKnownFileType = sourcecode.c.h; path = AFImageRequestOperation.h; sourceTree = "<group>"; };
		B5EA762215F5384B00D32A93 /* AFImageRequestOperation.m */ = {isa = PBXFileReference; fileEncoding = 4; lastKnownFileType = sourcecode.c.objc; path = AFImageRequestOperation.m; sourceTree = "<group>"; };
		B5EA762315F5384B00D32A93 /* AFJSONRequestOperation.h */ = {isa = PBXFileReference; fileEncoding = 4; lastKnownFileType = sourcecode.c.h; path = AFJSONRequestOperation.h; sourceTree = "<group>"; };
		B5EA762415F5384B00D32A93 /* AFJSONRequestOperation.m */ = {isa = PBXFileReference; fileEncoding = 4; lastKnownFileType = sourcecode.c.objc; path = AFJSONRequestOperation.m; sourceTree = "<group>"; };
		B5EA762515F5384B00D32A93 /* AFJSONUtilities.h */ = {isa = PBXFileReference; fileEncoding = 4; lastKnownFileType = sourcecode.c.h; path = AFJSONUtilities.h; sourceTree = "<group>"; };
		B5EA762615F5384B00D32A93 /* AFJSONUtilities.m */ = {isa = PBXFileReference; fileEncoding = 4; lastKnownFileType = sourcecode.c.objc; path = AFJSONUtilities.m; sourceTree = "<group>"; };
		B5EA762715F5384B00D32A93 /* AFNetworkActivityIndicatorManager.h */ = {isa = PBXFileReference; fileEncoding = 4; lastKnownFileType = sourcecode.c.h; path = AFNetworkActivityIndicatorManager.h; sourceTree = "<group>"; };
		B5EA762815F5384B00D32A93 /* AFNetworkActivityIndicatorManager.m */ = {isa = PBXFileReference; fileEncoding = 4; lastKnownFileType = sourcecode.c.objc; path = AFNetworkActivityIndicatorManager.m; sourceTree = "<group>"; };
		B5EA762915F5384B00D32A93 /* AFNetworking.h */ = {isa = PBXFileReference; fileEncoding = 4; lastKnownFileType = sourcecode.c.h; path = AFNetworking.h; sourceTree = "<group>"; };
		B5EA762A15F5384B00D32A93 /* AFPropertyListRequestOperation.h */ = {isa = PBXFileReference; fileEncoding = 4; lastKnownFileType = sourcecode.c.h; path = AFPropertyListRequestOperation.h; sourceTree = "<group>"; };
		B5EA762B15F5384B00D32A93 /* AFPropertyListRequestOperation.m */ = {isa = PBXFileReference; fileEncoding = 4; lastKnownFileType = sourcecode.c.objc; path = AFPropertyListRequestOperation.m; sourceTree = "<group>"; };
		B5EA762C15F5384B00D32A93 /* AFURLConnectionOperation.h */ = {isa = PBXFileReference; fileEncoding = 4; lastKnownFileType = sourcecode.c.h; path = AFURLConnectionOperation.h; sourceTree = "<group>"; };
		B5EA762D15F5384B00D32A93 /* AFURLConnectionOperation.m */ = {isa = PBXFileReference; fileEncoding = 4; lastKnownFileType = sourcecode.c.objc; path = AFURLConnectionOperation.m; sourceTree = "<group>"; };
		B5EA762E15F5384B00D32A93 /* AFXMLRequestOperation.h */ = {isa = PBXFileReference; fileEncoding = 4; lastKnownFileType = sourcecode.c.h; path = AFXMLRequestOperation.h; sourceTree = "<group>"; };
		B5EA762F15F5384B00D32A93 /* AFXMLRequestOperation.m */ = {isa = PBXFileReference; fileEncoding = 4; lastKnownFileType = sourcecode.c.objc; path = AFXMLRequestOperation.m; sourceTree = "<group>"; };
		B5EA763015F5384B00D32A93 /* UIImageView+AFNetworking.h */ = {isa = PBXFileReference; fileEncoding = 4; lastKnownFileType = sourcecode.c.h; path = "UIImageView+AFNetworking.h"; sourceTree = "<group>"; };
		B5EA763115F5384B00D32A93 /* UIImageView+AFNetworking.m */ = {isa = PBXFileReference; fileEncoding = 4; lastKnownFileType = sourcecode.c.objc; path = "UIImageView+AFNetworking.m"; sourceTree = "<group>"; };
		B5EA764A15F5AB4500D32A93 /* trash_icon.png */ = {isa = PBXFileReference; lastKnownFileType = image.png; path = trash_icon.png; sourceTree = "<group>"; };
		B5EA765015F5ADC600D32A93 /* header.png */ = {isa = PBXFileReference; lastKnownFileType = image.png; path = header.png; sourceTree = "<group>"; };
		B5EA765215F5AFEA00D32A93 /* dollar_sign.png */ = {isa = PBXFileReference; lastKnownFileType = image.png; path = dollar_sign.png; sourceTree = "<group>"; };
		B5EA765415F5B08500D32A93 /* MonthsViewController.h */ = {isa = PBXFileReference; fileEncoding = 4; lastKnownFileType = sourcecode.c.h; path = MonthsViewController.h; sourceTree = "<group>"; };
		B5EA765515F5B08500D32A93 /* MonthsViewController.m */ = {isa = PBXFileReference; fileEncoding = 4; lastKnownFileType = sourcecode.c.objc; path = MonthsViewController.m; sourceTree = "<group>"; };
		B5EA765915F5B3A400D32A93 /* add_button_long.png */ = {isa = PBXFileReference; lastKnownFileType = image.png; path = add_button_long.png; sourceTree = "<group>"; };
		B5EA765B15F5C46000D32A93 /* AboutViewController.h */ = {isa = PBXFileReference; fileEncoding = 4; lastKnownFileType = sourcecode.c.h; path = AboutViewController.h; sourceTree = "<group>"; };
		B5EA765C15F5C46000D32A93 /* AboutViewController.m */ = {isa = PBXFileReference; fileEncoding = 4; lastKnownFileType = sourcecode.c.objc; path = AboutViewController.m; sourceTree = "<group>"; };
		B5EA765D15F5C46100D32A93 /* AboutViewController.xib */ = {isa = PBXFileReference; fileEncoding = 4; lastKnownFileType = file.xib; path = AboutViewController.xib; sourceTree = "<group>"; };
		B5EA766015F5C63600D32A93 /* trivuong.png */ = {isa = PBXFileReference; lastKnownFileType = image.png; path = trivuong.png; sourceTree = "<group>"; };
		B5EA766B15F5D49900D32A93 /* bio_bg.png */ = {isa = PBXFileReference; lastKnownFileType = image.png; path = bio_bg.png; sourceTree = "<group>"; };
		B5F09CE315EB3F4500257FC5 /* ExpenseTracking.sqlite */ = {isa = PBXFileReference; lastKnownFileType = file; path = ExpenseTracking.sqlite; sourceTree = "<group>"; };
		B5F09CE815EC8BD400257FC5 /* CustomCell.h */ = {isa = PBXFileReference; fileEncoding = 4; lastKnownFileType = sourcecode.c.h; path = CustomCell.h; sourceTree = "<group>"; };
		B5F09CE915EC8BD400257FC5 /* CustomCell.m */ = {isa = PBXFileReference; fileEncoding = 4; lastKnownFileType = sourcecode.c.objc; path = CustomCell.m; sourceTree = "<group>"; };
		B5F09CEB15EC8C9000257FC5 /* CustomCell.xib */ = {isa = PBXFileReference; fileEncoding = 4; lastKnownFileType = file.xib; path = CustomCell.xib; sourceTree = "<group>"; };
		B5F09CEF15EDDE2B00257FC5 /* ExpenseCell.h */ = {isa = PBXFileReference; fileEncoding = 4; lastKnownFileType = sourcecode.c.h; name = ExpenseCell.h; path = ../ExpenseCell.h; sourceTree = "<group>"; };
		B5F09CF015EDDE2B00257FC5 /* ExpenseCell.m */ = {isa = PBXFileReference; fileEncoding = 4; lastKnownFileType = sourcecode.c.objc; name = ExpenseCell.m; path = ../ExpenseCell.m; sourceTree = "<group>"; };
		B5F09CF215EDDE3C00257FC5 /* ExpenseCell.xib */ = {isa = PBXFileReference; fileEncoding = 4; lastKnownFileType = file.xib; name = ExpenseCell.xib; path = ../ExpenseCell.xib; sourceTree = "<group>"; };
/* End PBXFileReference section */

/* Begin PBXFrameworksBuildPhase section */
		B512F34515E8B38600EDD5AF /* Frameworks */ = {
			isa = PBXFrameworksBuildPhase;
			buildActionMask = 2147483647;
			files = (
				B561766F15F86AFD00B52DC2 /* libKal.a in Frameworks */,
				B5A5758015E9B72B00EE9A62 /* libsqlite3.dylib in Frameworks */,
				B5A5757D15E9B72300EE9A62 /* libsqlite3.0.dylib in Frameworks */,
				B519A47215E93EC4005CD2D3 /* QuartzCore.framework in Frameworks */,
				B512F34D15E8B38600EDD5AF /* UIKit.framework in Frameworks */,
				B512F34F15E8B38600EDD5AF /* Foundation.framework in Frameworks */,
				B512F35115E8B38600EDD5AF /* CoreGraphics.framework in Frameworks */,
			);
			runOnlyForDeploymentPostprocessing = 0;
		};
/* End PBXFrameworksBuildPhase section */

/* Begin PBXGroup section */
		B512F33D15E8B38600EDD5AF = {
			isa = PBXGroup;
			children = (
				B561766415F86AD400B52DC2 /* Kal.xcodeproj */,
				B5E661B115EDFA1B00032BB7 /* Default@2x.png */,
				B5E661AE15EDF56500032BB7 /* icon@2x_et.png */,
				B5F09CE315EB3F4500257FC5 /* ExpenseTracking.sqlite */,
				B5A5757F15E9B72B00EE9A62 /* libsqlite3.dylib */,
				B5A5757C15E9B72300EE9A62 /* libsqlite3.0.dylib */,
				B512F37915E8C3D100EDD5AF /* icon.png */,
				B512F37715E8C38300EDD5AF /* Default.png */,
				B512F35215E8B38600EDD5AF /* Expense Tracking */,
				B512F34B15E8B38600EDD5AF /* Frameworks */,
				B512F34915E8B38600EDD5AF /* Products */,
			);
			sourceTree = "<group>";
		};
		B512F34915E8B38600EDD5AF /* Products */ = {
			isa = PBXGroup;
			children = (
				B512F34815E8B38600EDD5AF /* Expense Tracking.app */,
			);
			name = Products;
			sourceTree = "<group>";
		};
		B512F34B15E8B38600EDD5AF /* Frameworks */ = {
			isa = PBXGroup;
			children = (
				B519A47115E93EC4005CD2D3 /* QuartzCore.framework */,
				B512F34C15E8B38600EDD5AF /* UIKit.framework */,
				B512F34E15E8B38600EDD5AF /* Foundation.framework */,
				B512F35015E8B38600EDD5AF /* CoreGraphics.framework */,
			);
			name = Frameworks;
			sourceTree = "<group>";
		};
		B512F35215E8B38600EDD5AF /* Expense Tracking */ = {
			isa = PBXGroup;
			children = (
				B5EA763C15F541AE00D32A93 /* Libraries */,
				B567119115F45546005DAF03 /* ViewControllers */,
				B597FEBE15F2CF8A00EC0AC9 /* Models */,
				B512F36815E8B40E00EDD5AF /* Images */,
				B512F35B15E8B38600EDD5AF /* AppDelegate.h */,
				B512F35C15E8B38600EDD5AF /* AppDelegate.m */,
				B512F35315E8B38600EDD5AF /* Supporting Files */,
				B5F09CF215EDDE3C00257FC5 /* ExpenseCell.xib */,
				B5F09CEF15EDDE2B00257FC5 /* ExpenseCell.h */,
				B5F09CF015EDDE2B00257FC5 /* ExpenseCell.m */,
				B512F37B15E8C44500EDD5AF /* MonthExpenseViewController.h */,
				B512F37C15E8C44500EDD5AF /* MonthExpenseViewController.m */,
				B512F37D15E8C44500EDD5AF /* MonthExpenseViewController.xib */,
				B5F09CE815EC8BD400257FC5 /* CustomCell.h */,
				B5F09CE915EC8BD400257FC5 /* CustomCell.m */,
				B5F09CEB15EC8C9000257FC5 /* CustomCell.xib */,
				B597FEB515F1F29000EC0AC9 /* ExpenseDetailCell.h */,
				B597FEB615F1F29000EC0AC9 /* ExpenseDetailCell.m */,
				B597FEB815F1F2B300EC0AC9 /* ExpenseDetailCell.xib */,
				B567119415F46EB1005DAF03 /* SpinnerView.h */,
				B567119515F46EB1005DAF03 /* SpinnerView.m */,
			);
			path = "Expense Tracking";
			sourceTree = "<group>";
		};
		B512F35315E8B38600EDD5AF /* Supporting Files */ = {
			isa = PBXGroup;
			children = (
				B512F35415E8B38600EDD5AF /* Expense Tracking-Info.plist */,
				B512F35515E8B38600EDD5AF /* InfoPlist.strings */,
				B512F35815E8B38600EDD5AF /* main.m */,
				B512F35A15E8B38600EDD5AF /* Expense Tracking-Prefix.pch */,
			);
			name = "Supporting Files";
			sourceTree = "<group>";
		};
		B512F36815E8B40E00EDD5AF /* Images */ = {
			isa = PBXGroup;
			children = (
				B581028C15FB2D63008ADFE5 /* done_icon.png */,
				B581028515FB15BF008ADFE5 /* wood_bg.png */,
				B5199DDC15F8770000CE6304 /* expenses_list.png */,
				B5EA766B15F5D49900D32A93 /* bio_bg.png */,
				B5EA766015F5C63600D32A93 /* trivuong.png */,
				B5EA765915F5B3A400D32A93 /* add_button_long.png */,
				B5EA765215F5AFEA00D32A93 /* dollar_sign.png */,
				B5EA765015F5ADC600D32A93 /* header.png */,
				B5EA764A15F5AB4500D32A93 /* trash_icon.png */,
				B56711A215F50965005DAF03 /* refresh_icon.png */,
				B567119715F47B80005DAF03 /* spinner_background.png */,
				B597FEA815F08CF200EC0AC9 /* white_plus_sign.png */,
				B597FEA415EF485800EC0AC9 /* envelope_border.png */,
				B597FE9115EF27FE00EC0AC9 /* add_button.png */,
				B597FE9215EF27FE00EC0AC9 /* border_seperator.png */,
				B597FE9315EF27FE00EC0AC9 /* calendar.png */,
				B597FE9415EF27FE00EC0AC9 /* envelope_form.png */,
				B597FE9515EF27FE00EC0AC9 /* list.png */,
				B597FE9615EF27FE00EC0AC9 /* plus.png */,
				B597FE9715EF27FE00EC0AC9 /* settings.png */,
				B597FE9815EF27FE00EC0AC9 /* spechbubble.png */,
				B597FE9915EF27FE00EC0AC9 /* yellow_btn.png */,
			);
			name = Images;
			sourceTree = "<group>";
		};
		B561766515F86AD400B52DC2 /* Products */ = {
			isa = PBXGroup;
			children = (
				B561766C15F86AD400B52DC2 /* libKal.a */,
			);
			name = Products;
			sourceTree = "<group>";
		};
		B567119115F45546005DAF03 /* ViewControllers */ = {
			isa = PBXGroup;
			children = (
				B512F36315E8B39500EDD5AF /* HomeViewController.h */,
				B512F36415E8B39500EDD5AF /* HomeViewController.m */,
				B512F36515E8B39500EDD5AF /* HomeViewController.xib */,
				B597FEAA15F1E29000EC0AC9 /* ExpenseDetailsViewController.h */,
				B597FEAB15F1E29000EC0AC9 /* ExpenseDetailsViewController.m */,
				B597FEAC15F1E29000EC0AC9 /* ExpenseDetailsViewController.xib */,
				B567118C15F4553C005DAF03 /* FeedbackViewController.h */,
				B567118D15F4553D005DAF03 /* FeedbackViewController.m */,
				B567118E15F4553D005DAF03 /* FeedbackViewController.xib */,
				B512F38015E8C4FE00EDD5AF /* NewExpenseViewController.h */,
				B512F38115E8C4FE00EDD5AF /* NewExpenseViewController.m */,
				B512F38215E8C4FE00EDD5AF /* NewExpenseViewController.xib */,
				B5DF7FFB15E9E5B300139932 /* ExpensesViewController.h */,
				B5DF7FFC15E9E5B300139932 /* ExpensesViewController.m */,
				B5DF7FFD15E9E5B300139932 /* ExpensesViewController.xib */,
				B5EA765415F5B08500D32A93 /* MonthsViewController.h */,
				B5EA765515F5B08500D32A93 /* MonthsViewController.m */,
				B5EA765B15F5C46000D32A93 /* AboutViewController.h */,
				B5EA765C15F5C46000D32A93 /* AboutViewController.m */,
				B5EA765D15F5C46100D32A93 /* AboutViewController.xib */,
				B581028015FB0E0A008ADFE5 /* CategoriesViewController.h */,
				B581028115FB0E0A008ADFE5 /* CategoriesViewController.m */,
				B581028215FB0E0A008ADFE5 /* CategoriesViewController.xib */,
				B581028715FB234D008ADFE5 /* ExpenseDescriptionViewController.h */,
				B581028815FB234D008ADFE5 /* ExpenseDescriptionViewController.m */,
				B581028915FB234D008ADFE5 /* ExpenseDescriptionViewController.xib */,
			);
			name = ViewControllers;
			sourceTree = "<group>";
		};
		B597FEBE15F2CF8A00EC0AC9 /* Models */ = {
			isa = PBXGroup;
			children = (
				B5A5758115E9BAEC00EE9A62 /* Expense.h */,
				B5A5758215E9BAEC00EE9A62 /* Expense.m */,
				B597FEBF15F2CFAA00EC0AC9 /* ExpenseCategory.h */,
				B597FEC015F2CFAA00EC0AC9 /* ExpenseCategory.m */,
			);
			name = Models;
			sourceTree = "<group>";
		};
		B5EA761C15F5384B00D32A93 /* AFNetworking */ = {
			isa = PBXGroup;
			children = (
				B5EA761D15F5384B00D32A93 /* AFHTTPClient.h */,
				B5EA761E15F5384B00D32A93 /* AFHTTPClient.m */,
				B5EA761F15F5384B00D32A93 /* AFHTTPRequestOperation.h */,
				B5EA762015F5384B00D32A93 /* AFHTTPRequestOperation.m */,
				B5EA762115F5384B00D32A93 /* AFImageRequestOperation.h */,
				B5EA762215F5384B00D32A93 /* AFImageRequestOperation.m */,
				B5EA762315F5384B00D32A93 /* AFJSONRequestOperation.h */,
				B5EA762415F5384B00D32A93 /* AFJSONRequestOperation.m */,
				B5EA762515F5384B00D32A93 /* AFJSONUtilities.h */,
				B5EA762615F5384B00D32A93 /* AFJSONUtilities.m */,
				B5EA762715F5384B00D32A93 /* AFNetworkActivityIndicatorManager.h */,
				B5EA762815F5384B00D32A93 /* AFNetworkActivityIndicatorManager.m */,
				B5EA762915F5384B00D32A93 /* AFNetworking.h */,
				B5EA762A15F5384B00D32A93 /* AFPropertyListRequestOperation.h */,
				B5EA762B15F5384B00D32A93 /* AFPropertyListRequestOperation.m */,
				B5EA762C15F5384B00D32A93 /* AFURLConnectionOperation.h */,
				B5EA762D15F5384B00D32A93 /* AFURLConnectionOperation.m */,
				B5EA762E15F5384B00D32A93 /* AFXMLRequestOperation.h */,
				B5EA762F15F5384B00D32A93 /* AFXMLRequestOperation.m */,
				B5EA763015F5384B00D32A93 /* UIImageView+AFNetworking.h */,
				B5EA763115F5384B00D32A93 /* UIImageView+AFNetworking.m */,
			);
			name = AFNetworking;
			path = ../AFNetworking;
			sourceTree = "<group>";
		};
		B5EA763C15F541AE00D32A93 /* Libraries */ = {
			isa = PBXGroup;
			children = (
				B5EA761C15F5384B00D32A93 /* AFNetworking */,
			);
			name = Libraries;
			sourceTree = "<group>";
		};
/* End PBXGroup section */

/* Begin PBXNativeTarget section */
		B512F34715E8B38600EDD5AF /* Expense Tracking */ = {
			isa = PBXNativeTarget;
			buildConfigurationList = B512F36015E8B38600EDD5AF /* Build configuration list for PBXNativeTarget "Expense Tracking" */;
			buildPhases = (
				B512F34415E8B38600EDD5AF /* Sources */,
				B512F34515E8B38600EDD5AF /* Frameworks */,
				B512F34615E8B38600EDD5AF /* Resources */,
			);
			buildRules = (
			);
			dependencies = (
				B561766E15F86AF800B52DC2 /* PBXTargetDependency */,
			);
			name = "Expense Tracking";
			productName = "Expense Tracking";
			productReference = B512F34815E8B38600EDD5AF /* Expense Tracking.app */;
			productType = "com.apple.product-type.application";
		};
/* End PBXNativeTarget section */

/* Begin PBXProject section */
		B512F33F15E8B38600EDD5AF /* Project object */ = {
			isa = PBXProject;
			attributes = {
				LastUpgradeCheck = 0430;
			};
			buildConfigurationList = B512F34215E8B38600EDD5AF /* Build configuration list for PBXProject "Expense Tracking" */;
			compatibilityVersion = "Xcode 3.2";
			developmentRegion = English;
			hasScannedForEncodings = 0;
			knownRegions = (
				en,
			);
			mainGroup = B512F33D15E8B38600EDD5AF;
			productRefGroup = B512F34915E8B38600EDD5AF /* Products */;
			projectDirPath = "";
			projectReferences = (
				{
					ProductGroup = B561766515F86AD400B52DC2 /* Products */;
					ProjectRef = B561766415F86AD400B52DC2 /* Kal.xcodeproj */;
				},
			);
			projectRoot = "";
			targets = (
				B512F34715E8B38600EDD5AF /* Expense Tracking */,
			);
		};
/* End PBXProject section */

/* Begin PBXReferenceProxy section */
		B561766C15F86AD400B52DC2 /* libKal.a */ = {
			isa = PBXReferenceProxy;
			fileType = archive.ar;
			path = libKal.a;
			remoteRef = B561766B15F86AD400B52DC2 /* PBXContainerItemProxy */;
			sourceTree = BUILT_PRODUCTS_DIR;
		};
/* End PBXReferenceProxy section */

/* Begin PBXResourcesBuildPhase section */
		B512F34615E8B38600EDD5AF /* Resources */ = {
			isa = PBXResourcesBuildPhase;
			buildActionMask = 2147483647;
			files = (
				B512F35715E8B38600EDD5AF /* InfoPlist.strings in Resources */,
				B512F36715E8B39500EDD5AF /* HomeViewController.xib in Resources */,
				B512F37815E8C38300EDD5AF /* Default.png in Resources */,
				B512F37A15E8C3D100EDD5AF /* icon.png in Resources */,
				B512F37F15E8C44500EDD5AF /* MonthExpenseViewController.xib in Resources */,
				B512F38415E8C4FE00EDD5AF /* NewExpenseViewController.xib in Resources */,
				B5DF7FFF15E9E5B300139932 /* ExpensesViewController.xib in Resources */,
				B5F09CE415EB3F4500257FC5 /* ExpenseTracking.sqlite in Resources */,
				B5F09CEC15EC8C9000257FC5 /* CustomCell.xib in Resources */,
				B5F09CF315EDDE3C00257FC5 /* ExpenseCell.xib in Resources */,
				B5E661AF15EDF56500032BB7 /* icon@2x_et.png in Resources */,
				B5E661B215EDFA1B00032BB7 /* Default@2x.png in Resources */,
				B597FE9A15EF27FE00EC0AC9 /* add_button.png in Resources */,
				B597FE9B15EF27FE00EC0AC9 /* border_seperator.png in Resources */,
				B597FE9C15EF27FE00EC0AC9 /* calendar.png in Resources */,
				B597FE9D15EF27FE00EC0AC9 /* envelope_form.png in Resources */,
				B597FE9E15EF27FE00EC0AC9 /* list.png in Resources */,
				B597FE9F15EF27FE00EC0AC9 /* plus.png in Resources */,
				B597FEA015EF27FE00EC0AC9 /* settings.png in Resources */,
				B597FEA115EF27FE00EC0AC9 /* spechbubble.png in Resources */,
				B597FEA215EF27FE00EC0AC9 /* yellow_btn.png in Resources */,
				B597FEA515EF485800EC0AC9 /* envelope_border.png in Resources */,
				B597FEA915F08CF200EC0AC9 /* white_plus_sign.png in Resources */,
				B597FEAE15F1E29000EC0AC9 /* ExpenseDetailsViewController.xib in Resources */,
				B597FEB915F1F2B300EC0AC9 /* ExpenseDetailCell.xib in Resources */,
				B567119015F4553D005DAF03 /* FeedbackViewController.xib in Resources */,
				B567119815F47B80005DAF03 /* spinner_background.png in Resources */,
				B56711A315F50965005DAF03 /* refresh_icon.png in Resources */,
				B5EA764B15F5AB4500D32A93 /* trash_icon.png in Resources */,
				B5EA765115F5ADC600D32A93 /* header.png in Resources */,
				B5EA765315F5AFEA00D32A93 /* dollar_sign.png in Resources */,
				B5EA765A15F5B3A400D32A93 /* add_button_long.png in Resources */,
				B5EA765F15F5C46100D32A93 /* AboutViewController.xib in Resources */,
				B5EA766115F5C63600D32A93 /* trivuong.png in Resources */,
				B5EA766C15F5D49900D32A93 /* bio_bg.png in Resources */,
				B5199DDD15F8770000CE6304 /* expenses_list.png in Resources */,
				B581028415FB0E0A008ADFE5 /* CategoriesViewController.xib in Resources */,
				B581028615FB15BF008ADFE5 /* wood_bg.png in Resources */,
				B581028B15FB234D008ADFE5 /* ExpenseDescriptionViewController.xib in Resources */,
				B581028D15FB2D63008ADFE5 /* done_icon.png in Resources */,
			);
			runOnlyForDeploymentPostprocessing = 0;
		};
/* End PBXResourcesBuildPhase section */

/* Begin PBXSourcesBuildPhase section */
		B512F34415E8B38600EDD5AF /* Sources */ = {
			isa = PBXSourcesBuildPhase;
			buildActionMask = 2147483647;
			files = (
				B512F35915E8B38600EDD5AF /* main.m in Sources */,
				B512F35D15E8B38600EDD5AF /* AppDelegate.m in Sources */,
				B512F36615E8B39500EDD5AF /* HomeViewController.m in Sources */,
				B512F37E15E8C44500EDD5AF /* MonthExpenseViewController.m in Sources */,
				B512F38315E8C4FE00EDD5AF /* NewExpenseViewController.m in Sources */,
				B5A5758315E9BAEC00EE9A62 /* Expense.m in Sources */,
				B5DF7FFE15E9E5B300139932 /* ExpensesViewController.m in Sources */,
				B5F09CEA15EC8BD400257FC5 /* CustomCell.m in Sources */,
				B5F09CF115EDDE2B00257FC5 /* ExpenseCell.m in Sources */,
				B597FEAD15F1E29000EC0AC9 /* ExpenseDetailsViewController.m in Sources */,
				B597FEB715F1F29000EC0AC9 /* ExpenseDetailCell.m in Sources */,
				B597FEC115F2CFAA00EC0AC9 /* ExpenseCategory.m in Sources */,
				B567118F15F4553D005DAF03 /* FeedbackViewController.m in Sources */,
				B567119615F46EB2005DAF03 /* SpinnerView.m in Sources */,
				B5EA763215F5384B00D32A93 /* AFHTTPClient.m in Sources */,
				B5EA763315F5384B00D32A93 /* AFHTTPRequestOperation.m in Sources */,
				B5EA763415F5384B00D32A93 /* AFImageRequestOperation.m in Sources */,
				B5EA763515F5384B00D32A93 /* AFJSONRequestOperation.m in Sources */,
				B5EA763615F5384B00D32A93 /* AFJSONUtilities.m in Sources */,
				B5EA763715F5384B00D32A93 /* AFNetworkActivityIndicatorManager.m in Sources */,
				B5EA763815F5384B00D32A93 /* AFPropertyListRequestOperation.m in Sources */,
				B5EA763915F5384B00D32A93 /* AFURLConnectionOperation.m in Sources */,
				B5EA763A15F5384B00D32A93 /* AFXMLRequestOperation.m in Sources */,
				B5EA763B15F5384B00D32A93 /* UIImageView+AFNetworking.m in Sources */,
				B5EA765715F5B08500D32A93 /* MonthsViewController.m in Sources */,
				B5EA765E15F5C46100D32A93 /* AboutViewController.m in Sources */,
				B581028315FB0E0A008ADFE5 /* CategoriesViewController.m in Sources */,
				B581028A15FB234D008ADFE5 /* ExpenseDescriptionViewController.m in Sources */,
			);
			runOnlyForDeploymentPostprocessing = 0;
		};
/* End PBXSourcesBuildPhase section */

/* Begin PBXTargetDependency section */
		B561766E15F86AF800B52DC2 /* PBXTargetDependency */ = {
			isa = PBXTargetDependency;
			name = Kal;
			targetProxy = B561766D15F86AF800B52DC2 /* PBXContainerItemProxy */;
		};
/* End PBXTargetDependency section */

/* Begin PBXVariantGroup section */
		B512F35515E8B38600EDD5AF /* InfoPlist.strings */ = {
			isa = PBXVariantGroup;
			children = (
				B512F35615E8B38600EDD5AF /* en */,
			);
			name = InfoPlist.strings;
			sourceTree = "<group>";
		};
/* End PBXVariantGroup section */

/* Begin XCBuildConfiguration section */
		B512F35E15E8B38600EDD5AF /* Debug */ = {
			isa = XCBuildConfiguration;
			buildSettings = {
				ALWAYS_SEARCH_USER_PATHS = YES;
				ARCHS = "$(ARCHS_STANDARD_32_BIT)";
				CLANG_ENABLE_OBJC_ARC = YES;
				"CODE_SIGN_IDENTITY[sdk=iphoneos*]" = "iPhone Developer";
				COPY_PHASE_STRIP = NO;
				GCC_C_LANGUAGE_STANDARD = gnu99;
				GCC_DYNAMIC_NO_PIC = NO;
				GCC_OPTIMIZATION_LEVEL = 0;
				GCC_PREPROCESSOR_DEFINITIONS = (
					"DEBUG=1",
					"$(inherited)",
				);
				GCC_SYMBOLS_PRIVATE_EXTERN = NO;
				GCC_VERSION = com.apple.compilers.llvm.clang.1_0;
				GCC_WARN_ABOUT_RETURN_TYPE = YES;
				GCC_WARN_UNINITIALIZED_AUTOS = YES;
				GCC_WARN_UNUSED_VARIABLE = YES;
				HEADER_SEARCH_PATHS = (
					/Users/trivuong/Projects/Expense,
					"Tracking/**",
				);
				IPHONEOS_DEPLOYMENT_TARGET = 5.1;
				LIBRARY_SEARCH_PATHS = "/Users/trivuong/Projects/Kal/**";
				SDKROOT = iphoneos;
				USER_HEADER_SEARCH_PATHS = "/Users/trivuong/Projects/Kal/src/**";
			};
			name = Debug;
		};
		B512F35F15E8B38600EDD5AF /* Release */ = {
			isa = XCBuildConfiguration;
			buildSettings = {
				ALWAYS_SEARCH_USER_PATHS = YES;
				ARCHS = "$(ARCHS_STANDARD_32_BIT)";
				CLANG_ENABLE_OBJC_ARC = YES;
				"CODE_SIGN_IDENTITY[sdk=iphoneos*]" = "iPhone Developer";
				COPY_PHASE_STRIP = YES;
				GCC_C_LANGUAGE_STANDARD = gnu99;
				GCC_VERSION = com.apple.compilers.llvm.clang.1_0;
				GCC_WARN_ABOUT_RETURN_TYPE = YES;
				GCC_WARN_UNINITIALIZED_AUTOS = YES;
				GCC_WARN_UNUSED_VARIABLE = YES;
				HEADER_SEARCH_PATHS = (
					/Users/trivuong/Projects/Expense,
					"Tracking/**",
				);
				IPHONEOS_DEPLOYMENT_TARGET = 5.1;
				LIBRARY_SEARCH_PATHS = "/Users/trivuong/Projects/Kal/**";
				OTHER_CFLAGS = "-DNS_BLOCK_ASSERTIONS=1";
				SDKROOT = iphoneos;
				USER_HEADER_SEARCH_PATHS = "/Users/trivuong/Projects/Kal/src/**";
				VALIDATE_PRODUCT = YES;
			};
			name = Release;
		};
		B512F36115E8B38600EDD5AF /* Debug */ = {
			isa = XCBuildConfiguration;
			buildSettings = {
				ALWAYS_SEARCH_USER_PATHS = NO;
				GCC_PRECOMPILE_PREFIX_HEADER = YES;
				GCC_PREFIX_HEADER = "Expense Tracking/Expense Tracking-Prefix.pch";
				HEADER_SEARCH_PATHS = "";
				INFOPLIST_FILE = "Expense Tracking/Expense Tracking-Info.plist";
				LIBRARY_SEARCH_PATHS = "";
				OTHER_LDFLAGS = (
					"-ObjC",
					"-all_load",
				);
				PRODUCT_NAME = "$(TARGET_NAME)";
				PUBLIC_HEADERS_FOLDER_PATH = "“$(TARGET_NAME)” ";
				USER_HEADER_SEARCH_PATHS = "/Users/trivuong/Projects/Kal/**";
				WRAPPER_EXTENSION = app;
			};
			name = Debug;
		};
		B512F36215E8B38600EDD5AF /* Release */ = {
			isa = XCBuildConfiguration;
			buildSettings = {
				ALWAYS_SEARCH_USER_PATHS = NO;
				GCC_PRECOMPILE_PREFIX_HEADER = YES;
				GCC_PREFIX_HEADER = "Expense Tracking/Expense Tracking-Prefix.pch";
				HEADER_SEARCH_PATHS = "";
				INFOPLIST_FILE = "Expense Tracking/Expense Tracking-Info.plist";
				LIBRARY_SEARCH_PATHS = "";
				OTHER_LDFLAGS = (
					"-ObjC",
					"-all_load",
				);
				PRODUCT_NAME = "$(TARGET_NAME)";
				PUBLIC_HEADERS_FOLDER_PATH = "“$(TARGET_NAME)” ";
				USER_HEADER_SEARCH_PATHS = "/Users/trivuong/Projects/Kal/**";
				WRAPPER_EXTENSION = app;
			};
			name = Release;
		};
/* End XCBuildConfiguration section */

/* Begin XCConfigurationList section */
		B512F34215E8B38600EDD5AF /* Build configuration list for PBXProject "Expense Tracking" */ = {
			isa = XCConfigurationList;
			buildConfigurations = (
				B512F35E15E8B38600EDD5AF /* Debug */,
				B512F35F15E8B38600EDD5AF /* Release */,
			);
			defaultConfigurationIsVisible = 0;
			defaultConfigurationName = Release;
		};
		B512F36015E8B38600EDD5AF /* Build configuration list for PBXNativeTarget "Expense Tracking" */ = {
			isa = XCConfigurationList;
			buildConfigurations = (
				B512F36115E8B38600EDD5AF /* Debug */,
				B512F36215E8B38600EDD5AF /* Release */,
			);
			defaultConfigurationIsVisible = 0;
			defaultConfigurationName = Release;
		};
/* End XCConfigurationList section */
	};
	rootObject = B512F33F15E8B38600EDD5AF /* Project object */;
}
